
Microsoft Visual Studio Solution File, Format Version 12.00
# Visual Studio Version 17
VisualStudioVersion = 17.3.32901.215
MinimumVisualStudioVersion = 10.0.40219.1
Project("{FAE04EC0-301F-11D3-BF4B-00C04F79EFBC}") = "Part1", "Part1\Part1.csproj", "{55883B5C-BD47-4191-88C0-6ED608DC556B}"
EndProject
Project("{FAE04EC0-301F-11D3-BF4B-00C04F79EFBC}") = "Part2", "Part2\Part2.csproj", "{C55E7461-E2A3-4188-8459-0356C4A32064}"
EndProject
Project("{FAE04EC0-301F-11D3-BF4B-00C04F79EFBC}") = "Part3", "Part3\Part3.csproj", "{9EB9C29F-53A3-47AC-8E4D-FCCA0C939804}"
EndProject
Project("{FAE04EC0-301F-11D3-BF4B-00C04F79EFBC}") = "Part4", "Part4\Part4.csproj", "{D093294B-7AC9-4835-94C2-706922484240}"
EndProject
Project("{FAE04EC0-301F-11D3-BF4B-00C04F79EFBC}") = "Part5", "Part5\Part5.csproj", "{69E995D7-FBB9-4559-81B3-D4620A24E330}"
EndProject
Project("{FAE04EC0-301F-11D3-BF4B-00C04F79EFBC}") = "Part6", "Part6\Part6.csproj", "{A5C7B87F-AF50-4CCE-88D8-915994E0B710}"
EndProject
Project("{FAE04EC0-301F-11D3-BF4B-00C04F79EFBC}") = "Part7", "Part7\Part7.csproj", "{7D6EC827-87F6-48C0-A11D-D012182E9AB1}"
EndProject
Project("{FAE04EC0-301F-11D3-BF4B-00C04F79EFBC}") = "Part8", "Part8\Part8.csproj", "{38A0587A-54D5-4C95-B42F-8D571B83E280}"
EndProject
Project("{2150E333-8FDC-42A3-9474-1A3956D46DE8}") = "Part01", "Part01", "{5A3E0270-7969-4651-B2CB-D6EF3EA05004}"
EndProject
Project("{2150E333-8FDC-42A3-9474-1A3956D46DE8}") = "Part02", "Part02", "{EE6B0202-8E9C-45C1-9FDF-EEDA348659F2}"
EndProject
Project("{FAE04EC0-301F-11D3-BF4B-00C04F79EFBC}") = "Part9", "Part9\Part9.csproj", "{40547594-A4C1-446E-8A5B-A768F25F5F63}"
EndProject
Project("{FAE04EC0-301F-11D3-BF4B-00C04F79EFBC}") = "Part10", "Part10\Part10.csproj", "{D36E540E-0FCF-4504-8662-0449DE740272}"
EndProject
Project("{FAE04EC0-301F-11D3-BF4B-00C04F79EFBC}") = "Part11", "Part11\Part11.csproj", "{9B0E6934-91AB-4468-836F-3269F29C191A}"
EndProject
Global
	GlobalSection(SolutionConfigurationPlatforms) = preSolution
		Debug|Any CPU = Debug|Any CPU
		Release|Any CPU = Release|Any CPU
	EndGlobalSection
	GlobalSection(ProjectConfigurationPlatforms) = postSolution
		{55883B5C-BD47-4191-88C0-6ED608DC556B}.Debug|Any CPU.ActiveCfg = Debug|Any CPU
		{55883B5C-BD47-4191-88C0-6ED608DC556B}.Debug|Any CPU.Build.0 = Debug|Any CPU
		{55883B5C-BD47-4191-88C0-6ED608DC556B}.Release|Any CPU.ActiveCfg = Release|Any CPU
		{55883B5C-BD47-4191-88C0-6ED608DC556B}.Release|Any CPU.Build.0 = Release|Any CPU
		{C55E7461-E2A3-4188-8459-0356C4A32064}.Debug|Any CPU.ActiveCfg = Debug|Any CPU
		{C55E7461-E2A3-4188-8459-0356C4A32064}.Debug|Any CPU.Build.0 = Debug|Any CPU
		{C55E7461-E2A3-4188-8459-0356C4A32064}.Release|Any CPU.ActiveCfg = Release|Any CPU
		{C55E7461-E2A3-4188-8459-0356C4A32064}.Release|Any CPU.Build.0 = Release|Any CPU
		{9EB9C29F-53A3-47AC-8E4D-FCCA0C939804}.Debug|Any CPU.ActiveCfg = Debug|Any CPU
		{9EB9C29F-53A3-47AC-8E4D-FCCA0C939804}.Debug|Any CPU.Build.0 = Debug|Any CPU
		{9EB9C29F-53A3-47AC-8E4D-FCCA0C939804}.Release|Any CPU.ActiveCfg = Release|Any CPU
		{9EB9C29F-53A3-47AC-8E4D-FCCA0C939804}.Release|Any CPU.Build.0 = Release|Any CPU
		{D093294B-7AC9-4835-94C2-706922484240}.Debug|Any CPU.ActiveCfg = Debug|Any CPU
		{D093294B-7AC9-4835-94C2-706922484240}.Debug|Any CPU.Build.0 = Debug|Any CPU
		{D093294B-7AC9-4835-94C2-706922484240}.Release|Any CPU.ActiveCfg = Release|Any CPU
		{D093294B-7AC9-4835-94C2-706922484240}.Release|Any CPU.Build.0 = Release|Any CPU
		{69E995D7-FBB9-4559-81B3-D4620A24E330}.Debug|Any CPU.ActiveCfg = Debug|Any CPU
		{69E995D7-FBB9-4559-81B3-D4620A24E330}.Debug|Any CPU.Build.0 = Debug|Any CPU
		{69E995D7-FBB9-4559-81B3-D4620A24E330}.Release|Any CPU.ActiveCfg = Release|Any CPU
		{69E995D7-FBB9-4559-81B3-D4620A24E330}.Release|Any CPU.Build.0 = Release|Any CPU
		{A5C7B87F-AF50-4CCE-88D8-915994E0B710}.Debug|Any CPU.ActiveCfg = Debug|Any CPU
		{A5C7B87F-AF50-4CCE-88D8-915994E0B710}.Debug|Any CPU.Build.0 = Debug|Any CPU
		{A5C7B87F-AF50-4CCE-88D8-915994E0B710}.Release|Any CPU.ActiveCfg = Release|Any CPU
		{A5C7B87F-AF50-4CCE-88D8-915994E0B710}.Release|Any CPU.Build.0 = Release|Any CPU
		{7D6EC827-87F6-48C0-A11D-D012182E9AB1}.Debug|Any CPU.ActiveCfg = Debug|Any CPU
		{7D6EC827-87F6-48C0-A11D-D012182E9AB1}.Debug|Any CPU.Build.0 = Debug|Any CPU
		{7D6EC827-87F6-48C0-A11D-D012182E9AB1}.Release|Any CPU.ActiveCfg = Release|Any CPU
		{7D6EC827-87F6-48C0-A11D-D012182E9AB1}.Release|Any CPU.Build.0 = Release|Any CPU
		{38A0587A-54D5-4C95-B42F-8D571B83E280}.Debug|Any CPU.ActiveCfg = Debug|Any CPU
		{38A0587A-54D5-4C95-B42F-8D571B83E280}.Debug|Any CPU.Build.0 = Debug|Any CPU
		{38A0587A-54D5-4C95-B42F-8D571B83E280}.Release|Any CPU.ActiveCfg = Release|Any CPU
		{38A0587A-54D5-4C95-B42F-8D571B83E280}.Release|Any CPU.Build.0 = Release|Any CPU
		{40547594-A4C1-446E-8A5B-A768F25F5F63}.Debug|Any CPU.ActiveCfg = Debug|Any CPU
		{40547594-A4C1-446E-8A5B-A768F25F5F63}.Debug|Any CPU.Build.0 = Debug|Any CPU
		{40547594-A4C1-446E-8A5B-A768F25F5F63}.Release|Any CPU.ActiveCfg = Release|Any CPU
		{40547594-A4C1-446E-8A5B-A768F25F5F63}.Release|Any CPU.Build.0 = Release|Any CPU
		{D36E540E-0FCF-4504-8662-0449DE740272}.Debug|Any CPU.ActiveCfg = Debug|Any CPU
		{D36E540E-0FCF-4504-8662-0449DE740272}.Debug|Any CPU.Build.0 = Debug|Any CPU
		{D36E540E-0FCF-4504-8662-0449DE740272}.Release|Any CPU.ActiveCfg = Release|Any CPU
		{D36E540E-0FCF-4504-8662-0449DE740272}.Release|Any CPU.Build.0 = Release|Any CPU
		{9B0E6934-91AB-4468-836F-3269F29C191A}.Debug|Any CPU.ActiveCfg = Debug|Any CPU
		{9B0E6934-91AB-4468-836F-3269F29C191A}.Debug|Any CPU.Build.0 = Debug|Any CPU
		{9B0E6934-91AB-4468-836F-3269F29C191A}.Release|Any CPU.ActiveCfg = Release|Any CPU
		{9B0E6934-91AB-4468-836F-3269F29C191A}.Release|Any CPU.Build.0 = Release|Any CPU
	EndGlobalSection
	GlobalSection(SolutionProperties) = preSolution
		HideSolutionNode = FALSE
	EndGlobalSection
	GlobalSection(NestedProjects) = preSolution
		{55883B5C-BD47-4191-88C0-6ED608DC556B} = {5A3E0270-7969-4651-B2CB-D6EF3EA05004}
		{C55E7461-E2A3-4188-8459-0356C4A32064} = {5A3E0270-7969-4651-B2CB-D6EF3EA05004}
		{9EB9C29F-53A3-47AC-8E4D-FCCA0C939804} = {5A3E0270-7969-4651-B2CB-D6EF3EA05004}
		{D093294B-7AC9-4835-94C2-706922484240} = {5A3E0270-7969-4651-B2CB-D6EF3EA05004}
		{69E995D7-FBB9-4559-81B3-D4620A24E330} = {5A3E0270-7969-4651-B2CB-D6EF3EA05004}
		{A5C7B87F-AF50-4CCE-88D8-915994E0B710} = {5A3E0270-7969-4651-B2CB-D6EF3EA05004}
		{7D6EC827-87F6-48C0-A11D-D012182E9AB1} = {5A3E0270-7969-4651-B2CB-D6EF3EA05004}
		{38A0587A-54D5-4C95-B42F-8D571B83E280} = {5A3E0270-7969-4651-B2CB-D6EF3EA05004}
		{40547594-A4C1-446E-8A5B-A768F25F5F63} = {EE6B0202-8E9C-45C1-9FDF-EEDA348659F2}
		{D36E540E-0FCF-4504-8662-0449DE740272} = {EE6B0202-8E9C-45C1-9FDF-EEDA348659F2}
		{9B0E6934-91AB-4468-836F-3269F29C191A} = {EE6B0202-8E9C-45C1-9FDF-EEDA348659F2}
	EndGlobalSection
	GlobalSection(ExtensibilityGlobals) = postSolution
		SolutionGuid = {35A35776-45B5-4747-8DC3-AF8991544065}
	EndGlobalSection
EndGlobal
