
Microsoft Visual Studio Solution File, Format Version 12.00
# Visual Studio Version 17
VisualStudioVersion = 17.3.32901.215
MinimumVisualStudioVersion = 10.0.40219.1
Project("{FAE04EC0-301F-11D3-BF4B-00C04F79EFBC}") = "Lab16", "Lab16\Lab16.csproj", "{FEBEAE10-62BD-400F-BD28-17EA8B0A9306}"
EndProject
Project("{FAE04EC0-301F-11D3-BF4B-00C04F79EFBC}") = "Circlee", "Circlee\Circlee.csproj", "{826D4B4F-41CB-4078-8C93-D1DD41294E3C}"
EndProject
Global
	GlobalSection(SolutionConfigurationPlatforms) = preSolution
		Debug|Any CPU = Debug|Any CPU
		Release|Any CPU = Release|Any CPU
	EndGlobalSection
	GlobalSection(ProjectConfigurationPlatforms) = postSolution
		{FEBEAE10-62BD-400F-BD28-17EA8B0A9306}.Debug|Any CPU.ActiveCfg = Debug|Any CPU
		{FEBEAE10-62BD-400F-BD28-17EA8B0A9306}.Debug|Any CPU.Build.0 = Debug|Any CPU
		{FEBEAE10-62BD-400F-BD28-17EA8B0A9306}.Release|Any CPU.ActiveCfg = Release|Any CPU
		{FEBEAE10-62BD-400F-BD28-17EA8B0A9306}.Release|Any CPU.Build.0 = Release|Any CPU
		{826D4B4F-41CB-4078-8C93-D1DD41294E3C}.Debug|Any CPU.ActiveCfg = Debug|Any CPU
		{826D4B4F-41CB-4078-8C93-D1DD41294E3C}.Debug|Any CPU.Build.0 = Debug|Any CPU
		{826D4B4F-41CB-4078-8C93-D1DD41294E3C}.Release|Any CPU.ActiveCfg = Release|Any CPU
		{826D4B4F-41CB-4078-8C93-D1DD41294E3C}.Release|Any CPU.Build.0 = Release|Any CPU
	EndGlobalSection
	GlobalSection(SolutionProperties) = preSolution
		HideSolutionNode = FALSE
	EndGlobalSection
	GlobalSection(ExtensibilityGlobals) = postSolution
		SolutionGuid = {749C9D94-7F99-4A16-B6AE-FBF8CF7F2B79}
	EndGlobalSection
EndGlobal
