
Microsoft Visual Studio Solution File, Format Version 12.00
# Visual Studio Version 17
VisualStudioVersion = 17.3.32901.215
MinimumVisualStudioVersion = 10.0.40219.1
Project("{FAE04EC0-301F-11D3-BF4B-00C04F79EFBC}") = "Part1", "Part1\Part1.csproj", "{99322F28-CF73-407E-B4F2-01D3D5EF0B23}"
EndProject
Global
	GlobalSection(SolutionConfigurationPlatforms) = preSolution
		Debug|Any CPU = Debug|Any CPU
		Release|Any CPU = Release|Any CPU
	EndGlobalSection
	GlobalSection(ProjectConfigurationPlatforms) = postSolution
		{99322F28-CF73-407E-B4F2-01D3D5EF0B23}.Debug|Any CPU.ActiveCfg = Debug|Any CPU
		{99322F28-CF73-407E-B4F2-01D3D5EF0B23}.Debug|Any CPU.Build.0 = Debug|Any CPU
		{99322F28-CF73-407E-B4F2-01D3D5EF0B23}.Release|Any CPU.ActiveCfg = Release|Any CPU
		{99322F28-CF73-407E-B4F2-01D3D5EF0B23}.Release|Any CPU.Build.0 = Release|Any CPU
	EndGlobalSection
	GlobalSection(SolutionProperties) = preSolution
		HideSolutionNode = FALSE
	EndGlobalSection
	GlobalSection(ExtensibilityGlobals) = postSolution
		SolutionGuid = {C3ABCF82-7AE3-46FA-B232-DCD5FC96E705}
	EndGlobalSection
EndGlobal
