
Microsoft Visual Studio Solution File, Format Version 12.00
# Visual Studio Version 17
VisualStudioVersion = 17.3.32901.215
MinimumVisualStudioVersion = 10.0.40219.1
Project("{FAE04EC0-301F-11D3-BF4B-00C04F79EFBC}") = "MainForm", "MainForm\MainForm.csproj", "{D618A5C8-F818-4C3A-8B72-0E5758CE9489}"
EndProject
Global
	GlobalSection(SolutionConfigurationPlatforms) = preSolution
		Debug|Any CPU = Debug|Any CPU
		Release|Any CPU = Release|Any CPU
	EndGlobalSection
	GlobalSection(ProjectConfigurationPlatforms) = postSolution
		{D618A5C8-F818-4C3A-8B72-0E5758CE9489}.Debug|Any CPU.ActiveCfg = Debug|Any CPU
		{D618A5C8-F818-4C3A-8B72-0E5758CE9489}.Debug|Any CPU.Build.0 = Debug|Any CPU
		{D618A5C8-F818-4C3A-8B72-0E5758CE9489}.Release|Any CPU.ActiveCfg = Release|Any CPU
		{D618A5C8-F818-4C3A-8B72-0E5758CE9489}.Release|Any CPU.Build.0 = Release|Any CPU
	EndGlobalSection
	GlobalSection(SolutionProperties) = preSolution
		HideSolutionNode = FALSE
	EndGlobalSection
	GlobalSection(ExtensibilityGlobals) = postSolution
		SolutionGuid = {64487B2A-ED7F-4A97-A35F-1EC85063CA5D}
	EndGlobalSection
EndGlobal
